
Microsoft Visual Studio Solution File, Format Version 12.00
# Visual Studio 14
VisualStudioVersion = 14.0.23103.0
MinimumVisualStudioVersion = 10.0.40219.1
Project("{FAE04EC0-301F-11D3-BF4B-00C04F79EFBC}") = "LanguageModel", "LanguageModel.csproj", "{CFF6EF45-EE9F-4A9E-BD4E-8607C2BC9452}"
EndProject
Project("{FAE04EC0-301F-11D3-BF4B-00C04F79EFBC}") = "Formatting.Tests", "..\Formatting.Tests\Formatting.Tests.csproj", "{7F9F1C86-159A-4189-A23C-6994A1A5D50D}"
EndProject
Global
	GlobalSection(SolutionConfigurationPlatforms) = preSolution
		Debug|Any CPU = Debug|Any CPU
		Release|Any CPU = Release|Any CPU
	EndGlobalSection
	GlobalSection(ProjectConfigurationPlatforms) = postSolution
		{CFF6EF45-EE9F-4A9E-BD4E-8607C2BC9452}.Debug|Any CPU.ActiveCfg = Debug|Any CPU
		{CFF6EF45-EE9F-4A9E-BD4E-8607C2BC9452}.Debug|Any CPU.Build.0 = Debug|Any CPU
		{CFF6EF45-EE9F-4A9E-BD4E-8607C2BC9452}.Release|Any CPU.ActiveCfg = Release|Any CPU
		{CFF6EF45-EE9F-4A9E-BD4E-8607C2BC9452}.Release|Any CPU.Build.0 = Release|Any CPU
		{7F9F1C86-159A-4189-A23C-6994A1A5D50D}.Debug|Any CPU.ActiveCfg = Debug|Any CPU
		{7F9F1C86-159A-4189-A23C-6994A1A5D50D}.Debug|Any CPU.Build.0 = Debug|Any CPU
		{7F9F1C86-159A-4189-A23C-6994A1A5D50D}.Release|Any CPU.ActiveCfg = Release|Any CPU
		{7F9F1C86-159A-4189-A23C-6994A1A5D50D}.Release|Any CPU.Build.0 = Release|Any CPU
	EndGlobalSection
	GlobalSection(SolutionProperties) = preSolution
		HideSolutionNode = FALSE
	EndGlobalSection
EndGlobal
